
Microsoft Visual Studio Solution File, Format Version 12.00
# Visual Studio Version 16
VisualStudioVersion = 16.0.31911.196
MinimumVisualStudioVersion = 10.0.40219.1
Project("{FAE04EC0-301F-11D3-BF4B-00C04F79EFBC}") = "EncapsulamentoExemplo", "EncapsulamentoExemplo\EncapsulamentoExemplo.csproj", "{80060510-62C2-4A48-8FBE-7E172E244FDC}"
EndProject
Global
	GlobalSection(SolutionConfigurationPlatforms) = preSolution
		Debug|Any CPU = Debug|Any CPU
		Release|Any CPU = Release|Any CPU
	EndGlobalSection
	GlobalSection(ProjectConfigurationPlatforms) = postSolution
		{80060510-62C2-4A48-8FBE-7E172E244FDC}.Debug|Any CPU.ActiveCfg = Debug|Any CPU
		{80060510-62C2-4A48-8FBE-7E172E244FDC}.Debug|Any CPU.Build.0 = Debug|Any CPU
		{80060510-62C2-4A48-8FBE-7E172E244FDC}.Release|Any CPU.ActiveCfg = Release|Any CPU
		{80060510-62C2-4A48-8FBE-7E172E244FDC}.Release|Any CPU.Build.0 = Release|Any CPU
	EndGlobalSection
	GlobalSection(SolutionProperties) = preSolution
		HideSolutionNode = FALSE
	EndGlobalSection
	GlobalSection(ExtensibilityGlobals) = postSolution
		SolutionGuid = {CC40C04A-95D4-4812-BB1B-630A65A52B86}
	EndGlobalSection
EndGlobal
